
Microsoft Visual Studio Solution File, Format Version 12.00
# Visual Studio 2012
Project("{FAE04EC0-301F-11D3-BF4B-00C04F79EFBC}") = "Pelotita", "Pelotita\Pelotita.csproj", "{307FBBDE-DD35-4D03-8A4D-31B13E1AA904}"
EndProject
Project("{FAE04EC0-301F-11D3-BF4B-00C04F79EFBC}") = "Pelotita_sin_thread", "Pelotita_sin_thread\Pelotita_sin_thread.csproj", "{07A47254-0000-4776-9F02-66861F2906F6}"
EndProject
Project("{FAE04EC0-301F-11D3-BF4B-00C04F79EFBC}") = "Pelotita_con_thread", "Pelotita_con_thread\Pelotita_con_thread.csproj", "{5274F078-3914-476C-B3E3-A4698B7C6846}"
EndProject
Global
	GlobalSection(SolutionConfigurationPlatforms) = preSolution
		Debug|Any CPU = Debug|Any CPU
		Release|Any CPU = Release|Any CPU
	EndGlobalSection
	GlobalSection(ProjectConfigurationPlatforms) = postSolution
		{307FBBDE-DD35-4D03-8A4D-31B13E1AA904}.Debug|Any CPU.ActiveCfg = Debug|Any CPU
		{307FBBDE-DD35-4D03-8A4D-31B13E1AA904}.Debug|Any CPU.Build.0 = Debug|Any CPU
		{307FBBDE-DD35-4D03-8A4D-31B13E1AA904}.Release|Any CPU.ActiveCfg = Release|Any CPU
		{307FBBDE-DD35-4D03-8A4D-31B13E1AA904}.Release|Any CPU.Build.0 = Release|Any CPU
		{07A47254-0000-4776-9F02-66861F2906F6}.Debug|Any CPU.ActiveCfg = Debug|Any CPU
		{07A47254-0000-4776-9F02-66861F2906F6}.Debug|Any CPU.Build.0 = Debug|Any CPU
		{07A47254-0000-4776-9F02-66861F2906F6}.Release|Any CPU.ActiveCfg = Release|Any CPU
		{07A47254-0000-4776-9F02-66861F2906F6}.Release|Any CPU.Build.0 = Release|Any CPU
		{5274F078-3914-476C-B3E3-A4698B7C6846}.Debug|Any CPU.ActiveCfg = Debug|Any CPU
		{5274F078-3914-476C-B3E3-A4698B7C6846}.Debug|Any CPU.Build.0 = Debug|Any CPU
		{5274F078-3914-476C-B3E3-A4698B7C6846}.Release|Any CPU.ActiveCfg = Release|Any CPU
		{5274F078-3914-476C-B3E3-A4698B7C6846}.Release|Any CPU.Build.0 = Release|Any CPU
	EndGlobalSection
	GlobalSection(SolutionProperties) = preSolution
		HideSolutionNode = FALSE
	EndGlobalSection
EndGlobal
